// !$*UTF8*$!
{
	archiveVersion = 1;
	classes = {
	};
	objectVersion = 56;
	objects = {

/* Begin PBXBuildFile section */
		7B24B94A296BD25200161A3B /* weatherAppDataModel.xcdatamodeld in Sources */ = {isa = PBXBuildFile; fileRef = 7B24B948296BD25200161A3B /* weatherAppDataModel.xcdatamodeld */; };
		7B24B94E296BE94700161A3B /* WeatherTableView.swift in Sources */ = {isa = PBXBuildFile; fileRef = 7B24B94D296BE94700161A3B /* WeatherTableView.swift */; };
		7B24B950296BE96100161A3B /* WeatherCell.swift in Sources */ = {isa = PBXBuildFile; fileRef = 7B24B94F296BE96100161A3B /* WeatherCell.swift */; };
		7B24B952296BEA3E00161A3B /* CityNames.swift in Sources */ = {isa = PBXBuildFile; fileRef = 7B24B951296BEA3E00161A3B /* CityNames.swift */; };
		7BFAB42F2962E4CC0003842F /* AppDelegate.swift in Sources */ = {isa = PBXBuildFile; fileRef = 7BFAB42E2962E4CC0003842F /* AppDelegate.swift */; };
		7BFAB4312962E4CC0003842F /* SceneDelegate.swift in Sources */ = {isa = PBXBuildFile; fileRef = 7BFAB4302962E4CC0003842F /* SceneDelegate.swift */; };
		7BFAB4332962E4CC0003842F /* WeatherViewController.swift in Sources */ = {isa = PBXBuildFile; fileRef = 7BFAB4322962E4CC0003842F /* WeatherViewController.swift */; };
		7BFAB4362962E4CC0003842F /* Main.storyboard in Resources */ = {isa = PBXBuildFile; fileRef = 7BFAB4342962E4CC0003842F /* Main.storyboard */; };
		7BFAB4382962E4CD0003842F /* Assets.xcassets in Resources */ = {isa = PBXBuildFile; fileRef = 7BFAB4372962E4CD0003842F /* Assets.xcassets */; };
		7BFAB43B2962E4CD0003842F /* LaunchScreen.storyboard in Resources */ = {isa = PBXBuildFile; fileRef = 7BFAB4392962E4CD0003842F /* LaunchScreen.storyboard */; };
		7BFAB4462962E4CE0003842F /* WeatherAppTests.swift in Sources */ = {isa = PBXBuildFile; fileRef = 7BFAB4452962E4CE0003842F /* WeatherAppTests.swift */; };
		7BFAB4502962E4CE0003842F /* WeatherAppUITests.swift in Sources */ = {isa = PBXBuildFile; fileRef = 7BFAB44F2962E4CE0003842F /* WeatherAppUITests.swift */; };
		7BFAB4522962E4CE0003842F /* WeatherAppUITestsLaunchTests.swift in Sources */ = {isa = PBXBuildFile; fileRef = 7BFAB4512962E4CE0003842F /* WeatherAppUITestsLaunchTests.swift */; };
		7BFAB4602962EA780003842F /* WeatherManager.swift in Sources */ = {isa = PBXBuildFile; fileRef = 7BFAB45F2962EA780003842F /* WeatherManager.swift */; };
		7BFAB4622962EA950003842F /* WeatherData.swift in Sources */ = {isa = PBXBuildFile; fileRef = 7BFAB4612962EA950003842F /* WeatherData.swift */; };
		7BFAB4642962EAA70003842F /* WeatherModel.swift in Sources */ = {isa = PBXBuildFile; fileRef = 7BFAB4632962EAA70003842F /* WeatherModel.swift */; };
/* End PBXBuildFile section */

/* Begin PBXContainerItemProxy section */
		7BFAB4422962E4CE0003842F /* PBXContainerItemProxy */ = {
			isa = PBXContainerItemProxy;
			containerPortal = 7BFAB4232962E4CC0003842F /* Project object */;
			proxyType = 1;
			remoteGlobalIDString = 7BFAB42A2962E4CC0003842F;
			remoteInfo = WeatherApp;
		};
		7BFAB44C2962E4CE0003842F /* PBXContainerItemProxy */ = {
			isa = PBXContainerItemProxy;
			containerPortal = 7BFAB4232962E4CC0003842F /* Project object */;
			proxyType = 1;
			remoteGlobalIDString = 7BFAB42A2962E4CC0003842F;
			remoteInfo = WeatherApp;
		};
/* End PBXContainerItemProxy section */

/* Begin PBXFileReference section */
		7B24B949296BD25200161A3B /* weatherAppDataModel.xcdatamodel */ = {isa = PBXFileReference; lastKnownFileType = wrapper.xcdatamodel; path = weatherAppDataModel.xcdatamodel; sourceTree = "<group>"; };
		7B24B94D296BE94700161A3B /* WeatherTableView.swift */ = {isa = PBXFileReference; lastKnownFileType = sourcecode.swift; path = WeatherTableView.swift; sourceTree = "<group>"; };
		7B24B94F296BE96100161A3B /* WeatherCell.swift */ = {isa = PBXFileReference; lastKnownFileType = sourcecode.swift; path = WeatherCell.swift; sourceTree = "<group>"; };
		7B24B951296BEA3E00161A3B /* CityNames.swift */ = {isa = PBXFileReference; lastKnownFileType = sourcecode.swift; path = CityNames.swift; sourceTree = "<group>"; };
		7BFAB42B2962E4CC0003842F /* WeatherApp.app */ = {isa = PBXFileReference; explicitFileType = wrapper.application; includeInIndex = 0; path = WeatherApp.app; sourceTree = BUILT_PRODUCTS_DIR; };
		7BFAB42E2962E4CC0003842F /* AppDelegate.swift */ = {isa = PBXFileReference; lastKnownFileType = sourcecode.swift; path = AppDelegate.swift; sourceTree = "<group>"; };
		7BFAB4302962E4CC0003842F /* SceneDelegate.swift */ = {isa = PBXFileReference; lastKnownFileType = sourcecode.swift; path = SceneDelegate.swift; sourceTree = "<group>"; };
		7BFAB4322962E4CC0003842F /* WeatherViewController.swift */ = {isa = PBXFileReference; lastKnownFileType = sourcecode.swift; path = WeatherViewController.swift; sourceTree = "<group>"; };
		7BFAB4352962E4CC0003842F /* Base */ = {isa = PBXFileReference; lastKnownFileType = file.storyboard; name = Base; path = Base.lproj/Main.storyboard; sourceTree = "<group>"; };
		7BFAB4372962E4CD0003842F /* Assets.xcassets */ = {isa = PBXFileReference; lastKnownFileType = folder.assetcatalog; path = Assets.xcassets; sourceTree = "<group>"; };
		7BFAB43A2962E4CD0003842F /* Base */ = {isa = PBXFileReference; lastKnownFileType = file.storyboard; name = Base; path = Base.lproj/LaunchScreen.storyboard; sourceTree = "<group>"; };
		7BFAB43C2962E4CD0003842F /* Info.plist */ = {isa = PBXFileReference; lastKnownFileType = text.plist.xml; path = Info.plist; sourceTree = "<group>"; };
		7BFAB4412962E4CE0003842F /* WeatherAppTests.xctest */ = {isa = PBXFileReference; explicitFileType = wrapper.cfbundle; includeInIndex = 0; path = WeatherAppTests.xctest; sourceTree = BUILT_PRODUCTS_DIR; };
		7BFAB4452962E4CE0003842F /* WeatherAppTests.swift */ = {isa = PBXFileReference; lastKnownFileType = sourcecode.swift; path = WeatherAppTests.swift; sourceTree = "<group>"; };
		7BFAB44B2962E4CE0003842F /* WeatherAppUITests.xctest */ = {isa = PBXFileReference; explicitFileType = wrapper.cfbundle; includeInIndex = 0; path = WeatherAppUITests.xctest; sourceTree = BUILT_PRODUCTS_DIR; };
		7BFAB44F2962E4CE0003842F /* WeatherAppUITests.swift */ = {isa = PBXFileReference; lastKnownFileType = sourcecode.swift; path = WeatherAppUITests.swift; sourceTree = "<group>"; };
		7BFAB4512962E4CE0003842F /* WeatherAppUITestsLaunchTests.swift */ = {isa = PBXFileReference; lastKnownFileType = sourcecode.swift; path = WeatherAppUITestsLaunchTests.swift; sourceTree = "<group>"; };
		7BFAB45F2962EA780003842F /* WeatherManager.swift */ = {isa = PBXFileReference; lastKnownFileType = sourcecode.swift; path = WeatherManager.swift; sourceTree = "<group>"; };
		7BFAB4612962EA950003842F /* WeatherData.swift */ = {isa = PBXFileReference; lastKnownFileType = sourcecode.swift; path = WeatherData.swift; sourceTree = "<group>"; };
		7BFAB4632962EAA70003842F /* WeatherModel.swift */ = {isa = PBXFileReference; lastKnownFileType = sourcecode.swift; path = WeatherModel.swift; sourceTree = "<group>"; };
/* End PBXFileReference section */

/* Begin PBXFrameworksBuildPhase section */
		7BFAB4282962E4CC0003842F /* Frameworks */ = {
			isa = PBXFrameworksBuildPhase;
			buildActionMask = 2147483647;
			files = (
			);
			runOnlyForDeploymentPostprocessing = 0;
		};
		7BFAB43E2962E4CE0003842F /* Frameworks */ = {
			isa = PBXFrameworksBuildPhase;
			buildActionMask = 2147483647;
			files = (
			);
			runOnlyForDeploymentPostprocessing = 0;
		};
		7BFAB4482962E4CE0003842F /* Frameworks */ = {
			isa = PBXFrameworksBuildPhase;
			buildActionMask = 2147483647;
			files = (
			);
			runOnlyForDeploymentPostprocessing = 0;
		};
/* End PBXFrameworksBuildPhase section */

/* Begin PBXGroup section */
		7BFAB4222962E4CC0003842F = {
			isa = PBXGroup;
			children = (
				7BFAB42D2962E4CC0003842F /* WeatherApp */,
				7BFAB4442962E4CE0003842F /* WeatherAppTests */,
				7BFAB44E2962E4CE0003842F /* WeatherAppUITests */,
				7BFAB42C2962E4CC0003842F /* Products */,
			);
			sourceTree = "<group>";
		};
		7BFAB42C2962E4CC0003842F /* Products */ = {
			isa = PBXGroup;
			children = (
				7BFAB42B2962E4CC0003842F /* WeatherApp.app */,
				7BFAB4412962E4CE0003842F /* WeatherAppTests.xctest */,
				7BFAB44B2962E4CE0003842F /* WeatherAppUITests.xctest */,
			);
			name = Products;
			sourceTree = "<group>";
		};
		7BFAB42D2962E4CC0003842F /* WeatherApp */ = {
			isa = PBXGroup;
			children = (
				7BFAB4652962EAD30003842F /* Model */,
				7BFAB45E2962E9F00003842F /* Controller */,
				7BFAB4662962EAE70003842F /* View */,
				7BFAB42E2962E4CC0003842F /* AppDelegate.swift */,
				7BFAB4302962E4CC0003842F /* SceneDelegate.swift */,
				7BFAB4372962E4CD0003842F /* Assets.xcassets */,
				7BFAB4392962E4CD0003842F /* LaunchScreen.storyboard */,
				7BFAB43C2962E4CD0003842F /* Info.plist */,
				7B24B948296BD25200161A3B /* weatherAppDataModel.xcdatamodeld */,
				7B24B94D296BE94700161A3B /* WeatherTableView.swift */,
				7B24B94F296BE96100161A3B /* WeatherCell.swift */,
				7B24B951296BEA3E00161A3B /* CityNames.swift */,
			);
			path = WeatherApp;
			sourceTree = "<group>";
		};
		7BFAB4442962E4CE0003842F /* WeatherAppTests */ = {
			isa = PBXGroup;
			children = (
				7BFAB4452962E4CE0003842F /* WeatherAppTests.swift */,
			);
			path = WeatherAppTests;
			sourceTree = "<group>";
		};
		7BFAB44E2962E4CE0003842F /* WeatherAppUITests */ = {
			isa = PBXGroup;
			children = (
				7BFAB44F2962E4CE0003842F /* WeatherAppUITests.swift */,
				7BFAB4512962E4CE0003842F /* WeatherAppUITestsLaunchTests.swift */,
			);
			path = WeatherAppUITests;
			sourceTree = "<group>";
		};
		7BFAB45E2962E9F00003842F /* Controller */ = {
			isa = PBXGroup;
			children = (
				7BFAB4322962E4CC0003842F /* WeatherViewController.swift */,
			);
			path = Controller;
			sourceTree = "<group>";
		};
		7BFAB4652962EAD30003842F /* Model */ = {
			isa = PBXGroup;
			children = (
				7BFAB45F2962EA780003842F /* WeatherManager.swift */,
				7BFAB4612962EA950003842F /* WeatherData.swift */,
				7BFAB4632962EAA70003842F /* WeatherModel.swift */,
			);
			path = Model;
			sourceTree = "<group>";
		};
		7BFAB4662962EAE70003842F /* View */ = {
			isa = PBXGroup;
			children = (
				7BFAB4342962E4CC0003842F /* Main.storyboard */,
			);
			path = View;
			sourceTree = "<group>";
		};
/* End PBXGroup section */

/* Begin PBXNativeTarget section */
		7BFAB42A2962E4CC0003842F /* WeatherApp */ = {
			isa = PBXNativeTarget;
			buildConfigurationList = 7BFAB4552962E4CE0003842F /* Build configuration list for PBXNativeTarget "WeatherApp" */;
			buildPhases = (
				7BFAB4272962E4CC0003842F /* Sources */,
				7BFAB4282962E4CC0003842F /* Frameworks */,
				7BFAB4292962E4CC0003842F /* Resources */,
			);
			buildRules = (
			);
			dependencies = (
			);
			name = WeatherApp;
			productName = WeatherApp;
			productReference = 7BFAB42B2962E4CC0003842F /* WeatherApp.app */;
			productType = "com.apple.product-type.application";
		};
		7BFAB4402962E4CE0003842F /* WeatherAppTests */ = {
			isa = PBXNativeTarget;
			buildConfigurationList = 7BFAB4582962E4CE0003842F /* Build configuration list for PBXNativeTarget "WeatherAppTests" */;
			buildPhases = (
				7BFAB43D2962E4CE0003842F /* Sources */,
				7BFAB43E2962E4CE0003842F /* Frameworks */,
				7BFAB43F2962E4CE0003842F /* Resources */,
			);
			buildRules = (
			);
			dependencies = (
				7BFAB4432962E4CE0003842F /* PBXTargetDependency */,
			);
			name = WeatherAppTests;
			productName = WeatherAppTests;
			productReference = 7BFAB4412962E4CE0003842F /* WeatherAppTests.xctest */;
			productType = "com.apple.product-type.bundle.unit-test";
		};
		7BFAB44A2962E4CE0003842F /* WeatherAppUITests */ = {
			isa = PBXNativeTarget;
			buildConfigurationList = 7BFAB45B2962E4CE0003842F /* Build configuration list for PBXNativeTarget "WeatherAppUITests" */;
			buildPhases = (
				7BFAB4472962E4CE0003842F /* Sources */,
				7BFAB4482962E4CE0003842F /* Frameworks */,
				7BFAB4492962E4CE0003842F /* Resources */,
			);
			buildRules = (
			);
			dependencies = (
				7BFAB44D2962E4CE0003842F /* PBXTargetDependency */,
			);
			name = WeatherAppUITests;
			productName = WeatherAppUITests;
			productReference = 7BFAB44B2962E4CE0003842F /* WeatherAppUITests.xctest */;
			productType = "com.apple.product-type.bundle.ui-testing";
		};
/* End PBXNativeTarget section */

/* Begin PBXProject section */
		7BFAB4232962E4CC0003842F /* Project object */ = {
			isa = PBXProject;
			attributes = {
				BuildIndependentTargetsInParallel = 1;
				LastSwiftUpdateCheck = 1420;
				LastUpgradeCheck = 1420;
				TargetAttributes = {
					7BFAB42A2962E4CC0003842F = {
						CreatedOnToolsVersion = 14.2;
					};
					7BFAB4402962E4CE0003842F = {
						CreatedOnToolsVersion = 14.2;
						TestTargetID = 7BFAB42A2962E4CC0003842F;
					};
					7BFAB44A2962E4CE0003842F = {
						CreatedOnToolsVersion = 14.2;
						TestTargetID = 7BFAB42A2962E4CC0003842F;
					};
				};
			};
			buildConfigurationList = 7BFAB4262962E4CC0003842F /* Build configuration list for PBXProject "WeatherApp" */;
			compatibilityVersion = "Xcode 14.0";
			developmentRegion = en;
			hasScannedForEncodings = 0;
			knownRegions = (
				en,
				Base,
			);
			mainGroup = 7BFAB4222962E4CC0003842F;
			productRefGroup = 7BFAB42C2962E4CC0003842F /* Products */;
			projectDirPath = "";
			projectRoot = "";
			targets = (
				7BFAB42A2962E4CC0003842F /* WeatherApp */,
				7BFAB4402962E4CE0003842F /* WeatherAppTests */,
				7BFAB44A2962E4CE0003842F /* WeatherAppUITests */,
			);
		};
/* End PBXProject section */

/* Begin PBXResourcesBuildPhase section */
		7BFAB4292962E4CC0003842F /* Resources */ = {
			isa = PBXResourcesBuildPhase;
			buildActionMask = 2147483647;
			files = (
				7BFAB43B2962E4CD0003842F /* LaunchScreen.storyboard in Resources */,
				7BFAB4382962E4CD0003842F /* Assets.xcassets in Resources */,
				7BFAB4362962E4CC0003842F /* Main.storyboard in Resources */,
			);
			runOnlyForDeploymentPostprocessing = 0;
		};
		7BFAB43F2962E4CE0003842F /* Resources */ = {
			isa = PBXResourcesBuildPhase;
			buildActionMask = 2147483647;
			files = (
			);
			runOnlyForDeploymentPostprocessing = 0;
		};
		7BFAB4492962E4CE0003842F /* Resources */ = {
			isa = PBXResourcesBuildPhase;
			buildActionMask = 2147483647;
			files = (
			);
			runOnlyForDeploymentPostprocessing = 0;
		};
/* End PBXResourcesBuildPhase section */

/* Begin PBXSourcesBuildPhase section */
		7BFAB4272962E4CC0003842F /* Sources */ = {
			isa = PBXSourcesBuildPhase;
			buildActionMask = 2147483647;
			files = (
				7B24B94A296BD25200161A3B /* weatherAppDataModel.xcdatamodeld in Sources */,
				7B24B94E296BE94700161A3B /* WeatherTableView.swift in Sources */,
				7B24B950296BE96100161A3B /* WeatherCell.swift in Sources */,
				7BFAB4332962E4CC0003842F /* WeatherViewController.swift in Sources */,
				7BFAB4622962EA950003842F /* WeatherData.swift in Sources */,
				7B24B952296BEA3E00161A3B /* CityNames.swift in Sources */,
				7BFAB42F2962E4CC0003842F /* AppDelegate.swift in Sources */,
				7BFAB4602962EA780003842F /* WeatherManager.swift in Sources */,
				7BFAB4642962EAA70003842F /* WeatherModel.swift in Sources */,
				7BFAB4312962E4CC0003842F /* SceneDelegate.swift in Sources */,
			);
			runOnlyForDeploymentPostprocessing = 0;
		};
		7BFAB43D2962E4CE0003842F /* Sources */ = {
			isa = PBXSourcesBuildPhase;
			buildActionMask = 2147483647;
			files = (
				7BFAB4462962E4CE0003842F /* WeatherAppTests.swift in Sources */,
			);
			runOnlyForDeploymentPostprocessing = 0;
		};
		7BFAB4472962E4CE0003842F /* Sources */ = {
			isa = PBXSourcesBuildPhase;
			buildActionMask = 2147483647;
			files = (
				7BFAB4502962E4CE0003842F /* WeatherAppUITests.swift in Sources */,
				7BFAB4522962E4CE0003842F /* WeatherAppUITestsLaunchTests.swift in Sources */,
			);
			runOnlyForDeploymentPostprocessing = 0;
		};
/* End PBXSourcesBuildPhase section */

/* Begin PBXTargetDependency section */
		7BFAB4432962E4CE0003842F /* PBXTargetDependency */ = {
			isa = PBXTargetDependency;
			target = 7BFAB42A2962E4CC0003842F /* WeatherApp */;
			targetProxy = 7BFAB4422962E4CE0003842F /* PBXContainerItemProxy */;
		};
		7BFAB44D2962E4CE0003842F /* PBXTargetDependency */ = {
			isa = PBXTargetDependency;
			target = 7BFAB42A2962E4CC0003842F /* WeatherApp */;
			targetProxy = 7BFAB44C2962E4CE0003842F /* PBXContainerItemProxy */;
		};
/* End PBXTargetDependency section */

/* Begin PBXVariantGroup section */
		7BFAB4342962E4CC0003842F /* Main.storyboard */ = {
			isa = PBXVariantGroup;
			children = (
				7BFAB4352962E4CC0003842F /* Base */,
			);
			name = Main.storyboard;
			sourceTree = "<group>";
		};
		7BFAB4392962E4CD0003842F /* LaunchScreen.storyboard */ = {
			isa = PBXVariantGroup;
			children = (
				7BFAB43A2962E4CD0003842F /* Base */,
			);
			name = LaunchScreen.storyboard;
			sourceTree = "<group>";
		};
/* End PBXVariantGroup section */

/* Begin XCBuildConfiguration section */
		7BFAB4532962E4CE0003842F /* Debug */ = {
			isa = XCBuildConfiguration;
			buildSettings = {
				ALWAYS_SEARCH_USER_PATHS = NO;
				CLANG_ANALYZER_NONNULL = YES;
				CLANG_ANALYZER_NUMBER_OBJECT_CONVERSION = YES_AGGRESSIVE;
				CLANG_CXX_LANGUAGE_STANDARD = "gnu++20";
				CLANG_ENABLE_MODULES = YES;
				CLANG_ENABLE_OBJC_ARC = YES;
				CLANG_ENABLE_OBJC_WEAK = YES;
				CLANG_WARN_BLOCK_CAPTURE_AUTORELEASING = YES;
				CLANG_WARN_BOOL_CONVERSION = YES;
				CLANG_WARN_COMMA = YES;
				CLANG_WARN_CONSTANT_CONVERSION = YES;
				CLANG_WARN_DEPRECATED_OBJC_IMPLEMENTATIONS = YES;
				CLANG_WARN_DIRECT_OBJC_ISA_USAGE = YES_ERROR;
				CLANG_WARN_DOCUMENTATION_COMMENTS = YES;
				CLANG_WARN_EMPTY_BODY = YES;
				CLANG_WARN_ENUM_CONVERSION = YES;
				CLANG_WARN_INFINITE_RECURSION = YES;
				CLANG_WARN_INT_CONVERSION = YES;
				CLANG_WARN_NON_LITERAL_NULL_CONVERSION = YES;
				CLANG_WARN_OBJC_IMPLICIT_RETAIN_SELF = YES;
				CLANG_WARN_OBJC_LITERAL_CONVERSION = YES;
				CLANG_WARN_OBJC_ROOT_CLASS = YES_ERROR;
				CLANG_WARN_QUOTED_INCLUDE_IN_FRAMEWORK_HEADER = YES;
				CLANG_WARN_RANGE_LOOP_ANALYSIS = YES;
				CLANG_WARN_STRICT_PROTOTYPES = YES;
				CLANG_WARN_SUSPICIOUS_MOVE = YES;
				CLANG_WARN_UNGUARDED_AVAILABILITY = YES_AGGRESSIVE;
				CLANG_WARN_UNREACHABLE_CODE = YES;
				CLANG_WARN__DUPLICATE_METHOD_MATCH = YES;
				COPY_PHASE_STRIP = NO;
				DEBUG_INFORMATION_FORMAT = dwarf;
				ENABLE_STRICT_OBJC_MSGSEND = YES;
				ENABLE_TESTABILITY = YES;
				GCC_C_LANGUAGE_STANDARD = gnu11;
				GCC_DYNAMIC_NO_PIC = NO;
				GCC_NO_COMMON_BLOCKS = YES;
				GCC_OPTIMIZATION_LEVEL = 0;
				GCC_PREPROCESSOR_DEFINITIONS = (
					"DEBUG=1",
					"$(inherited)",
				);
				GCC_WARN_64_TO_32_BIT_CONVERSION = YES;
				GCC_WARN_ABOUT_RETURN_TYPE = YES_ERROR;
				GCC_WARN_UNDECLARED_SELECTOR = YES;
				GCC_WARN_UNINITIALIZED_AUTOS = YES_AGGRESSIVE;
				GCC_WARN_UNUSED_FUNCTION = YES;
				GCC_WARN_UNUSED_VARIABLE = YES;
				IPHONEOS_DEPLOYMENT_TARGET = 16.2;
				MTL_ENABLE_DEBUG_INFO = INCLUDE_SOURCE;
				MTL_FAST_MATH = YES;
				ONLY_ACTIVE_ARCH = YES;
				SDKROOT = iphoneos;
				SWIFT_ACTIVE_COMPILATION_CONDITIONS = DEBUG;
				SWIFT_OPTIMIZATION_LEVEL = "-Onone";
			};
			name = Debug;
		};
		7BFAB4542962E4CE0003842F /* Release */ = {
			isa = XCBuildConfiguration;
			buildSettings = {
				ALWAYS_SEARCH_USER_PATHS = NO;
				CLANG_ANALYZER_NONNULL = YES;
				CLANG_ANALYZER_NUMBER_OBJECT_CONVERSION = YES_AGGRESSIVE;
				CLANG_CXX_LANGUAGE_STANDARD = "gnu++20";
				CLANG_ENABLE_MODULES = YES;
				CLANG_ENABLE_OBJC_ARC = YES;
				CLANG_ENABLE_OBJC_WEAK = YES;
				CLANG_WARN_BLOCK_CAPTURE_AUTORELEASING = YES;
				CLANG_WARN_BOOL_CONVERSION = YES;
				CLANG_WARN_COMMA = YES;
				CLANG_WARN_CONSTANT_CONVERSION = YES;
				CLANG_WARN_DEPRECATED_OBJC_IMPLEMENTATIONS = YES;
				CLANG_WARN_DIRECT_OBJC_ISA_USAGE = YES_ERROR;
				CLANG_WARN_DOCUMENTATION_COMMENTS = YES;
				CLANG_WARN_EMPTY_BODY = YES;
				CLANG_WARN_ENUM_CONVERSION = YES;
				CLANG_WARN_INFINITE_RECURSION = YES;
				CLANG_WARN_INT_CONVERSION = YES;
				CLANG_WARN_NON_LITERAL_NULL_CONVERSION = YES;
				CLANG_WARN_OBJC_IMPLICIT_RETAIN_SELF = YES;
				CLANG_WARN_OBJC_LITERAL_CONVERSION = YES;
				CLANG_WARN_OBJC_ROOT_CLASS = YES_ERROR;
				CLANG_WARN_QUOTED_INCLUDE_IN_FRAMEWORK_HEADER = YES;
				CLANG_WARN_RANGE_LOOP_ANALYSIS = YES;
				CLANG_WARN_STRICT_PROTOTYPES = YES;
				CLANG_WARN_SUSPICIOUS_MOVE = YES;
				CLANG_WARN_UNGUARDED_AVAILABILITY = YES_AGGRESSIVE;
				CLANG_WARN_UNREACHABLE_CODE = YES;
				CLANG_WARN__DUPLICATE_METHOD_MATCH = YES;
				COPY_PHASE_STRIP = NO;
				DEBUG_INFORMATION_FORMAT = "dwarf-with-dsym";
				ENABLE_NS_ASSERTIONS = NO;
				ENABLE_STRICT_OBJC_MSGSEND = YES;
				GCC_C_LANGUAGE_STANDARD = gnu11;
				GCC_NO_COMMON_BLOCKS = YES;
				GCC_WARN_64_TO_32_BIT_CONVERSION = YES;
				GCC_WARN_ABOUT_RETURN_TYPE = YES_ERROR;
				GCC_WARN_UNDECLARED_SELECTOR = YES;
				GCC_WARN_UNINITIALIZED_AUTOS = YES_AGGRESSIVE;
				GCC_WARN_UNUSED_FUNCTION = YES;
				GCC_WARN_UNUSED_VARIABLE = YES;
				IPHONEOS_DEPLOYMENT_TARGET = 16.2;
				MTL_ENABLE_DEBUG_INFO = NO;
				MTL_FAST_MATH = YES;
				SDKROOT = iphoneos;
				SWIFT_COMPILATION_MODE = wholemodule;
				SWIFT_OPTIMIZATION_LEVEL = "-O";
				VALIDATE_PRODUCT = YES;
			};
			name = Release;
		};
		7BFAB4562962E4CE0003842F /* Debug */ = {
			isa = XCBuildConfiguration;
			buildSettings = {
				ASSETCATALOG_COMPILER_APPICON_NAME = AppIcon;
				ASSETCATALOG_COMPILER_GLOBAL_ACCENT_COLOR_NAME = AccentColor;
				CODE_SIGN_STYLE = Automatic;
				CURRENT_PROJECT_VERSION = 1;
				GENERATE_INFOPLIST_FILE = YES;
				INFOPLIST_FILE = WeatherApp/Info.plist;
				INFOPLIST_KEY_UIApplicationSupportsIndirectInputEvents = YES;
				INFOPLIST_KEY_UILaunchStoryboardName = LaunchScreen;
				INFOPLIST_KEY_UIMainStoryboardFile = Main;
				INFOPLIST_KEY_UISupportedInterfaceOrientations_iPad = "UIInterfaceOrientationPortrait UIInterfaceOrientationPortraitUpsideDown UIInterfaceOrientationLandscapeLeft UIInterfaceOrientationLandscapeRight";
				INFOPLIST_KEY_UISupportedInterfaceOrientations_iPhone = "UIInterfaceOrientationPortrait UIInterfaceOrientationLandscapeLeft UIInterfaceOrientationLandscapeRight";
				LD_RUNPATH_SEARCH_PATHS = (
					"$(inherited)",
					"@executable_path/Frameworks",
				);
				MARKETING_VERSION = 1.0;
				PRODUCT_BUNDLE_IDENTIFIER = com.thbs.training.WeatherApp;
				PRODUCT_NAME = "$(TARGET_NAME)";
				SWIFT_EMIT_LOC_STRINGS = YES;
				SWIFT_VERSION = 5.0;
				TARGETED_DEVICE_FAMILY = "1,2";
			};
			name = Debug;
		};
		7BFAB4572962E4CE0003842F /* Release */ = {
			isa = XCBuildConfiguration;
			buildSettings = {
				ASSETCATALOG_COMPILER_APPICON_NAME = AppIcon;
				ASSETCATALOG_COMPILER_GLOBAL_ACCENT_COLOR_NAME = AccentColor;
				CODE_SIGN_STYLE = Automatic;
				CURRENT_PROJECT_VERSION = 1;
				GENERATE_INFOPLIST_FILE = YES;
				INFOPLIST_FILE = WeatherApp/Info.plist;
				INFOPLIST_KEY_UIApplicationSupportsIndirectInputEvents = YES;
				INFOPLIST_KEY_UILaunchStoryboardName = LaunchScreen;
				INFOPLIST_KEY_UIMainStoryboardFile = Main;
				INFOPLIST_KEY_UISupportedInterfaceOrientations_iPad = "UIInterfaceOrientationPortrait UIInterfaceOrientationPortraitUpsideDown UIInterfaceOrientationLandscapeLeft UIInterfaceOrientationLandscapeRight";
				INFOPLIST_KEY_UISupportedInterfaceOrientations_iPhone = "UIInterfaceOrientationPortrait UIInterfaceOrientationLandscapeLeft UIInterfaceOrientationLandscapeRight";
				LD_RUNPATH_SEARCH_PATHS = (
					"$(inherited)",
					"@executable_path/Frameworks",
				);
				MARKETING_VERSION = 1.0;
				PRODUCT_BUNDLE_IDENTIFIER = com.thbs.training.WeatherApp;
				PRODUCT_NAME = "$(TARGET_NAME)";
				SWIFT_EMIT_LOC_STRINGS = YES;
				SWIFT_VERSION = 5.0;
				TARGETED_DEVICE_FAMILY = "1,2";
			};
			name = Release;
		};
		7BFAB4592962E4CE0003842F /* Debug */ = {
			isa = XCBuildConfiguration;
			buildSettings = {
				ALWAYS_EMBED_SWIFT_STANDARD_LIBRARIES = YES;
				BUNDLE_LOADER = "$(TEST_HOST)";
				CODE_SIGN_STYLE = Automatic;
				CURRENT_PROJECT_VERSION = 1;
				GENERATE_INFOPLIST_FILE = YES;
				IPHONEOS_DEPLOYMENT_TARGET = 16.2;
				MARKETING_VERSION = 1.0;
				PRODUCT_BUNDLE_IDENTIFIER = com.thbs.training.WeatherAppTests;
				PRODUCT_NAME = "$(TARGET_NAME)";
				SWIFT_EMIT_LOC_STRINGS = NO;
				SWIFT_VERSION = 5.0;
				TARGETED_DEVICE_FAMILY = "1,2";
				TEST_HOST = "$(BUILT_PRODUCTS_DIR)/WeatherApp.app/$(BUNDLE_EXECUTABLE_FOLDER_PATH)/WeatherApp";
			};
			name = Debug;
		};
		7BFAB45A2962E4CE0003842F /* Release */ = {
			isa = XCBuildConfiguration;
			buildSettings = {
				ALWAYS_EMBED_SWIFT_STANDARD_LIBRARIES = YES;
				BUNDLE_LOADER = "$(TEST_HOST)";
				CODE_SIGN_STYLE = Automatic;
				CURRENT_PROJECT_VERSION = 1;
				GENERATE_INFOPLIST_FILE = YES;
				IPHONEOS_DEPLOYMENT_TARGET = 16.2;
				MARKETING_VERSION = 1.0;
				PRODUCT_BUNDLE_IDENTIFIER = com.thbs.training.WeatherAppTests;
				PRODUCT_NAME = "$(TARGET_NAME)";
				SWIFT_EMIT_LOC_STRINGS = NO;
				SWIFT_VERSION = 5.0;
				TARGETED_DEVICE_FAMILY = "1,2";
				TEST_HOST = "$(BUILT_PRODUCTS_DIR)/WeatherApp.app/$(BUNDLE_EXECUTABLE_FOLDER_PATH)/WeatherApp";
			};
			name = Release;
		};
		7BFAB45C2962E4CE0003842F /* Debug */ = {
			isa = XCBuildConfiguration;
			buildSettings = {
				ALWAYS_EMBED_SWIFT_STANDARD_LIBRARIES = YES;
				CODE_SIGN_STYLE = Automatic;
				CURRENT_PROJECT_VERSION = 1;
				GENERATE_INFOPLIST_FILE = YES;
				MARKETING_VERSION = 1.0;
				PRODUCT_BUNDLE_IDENTIFIER = com.thbs.training.WeatherAppUITests;
				PRODUCT_NAME = "$(TARGET_NAME)";
				SWIFT_EMIT_LOC_STRINGS = NO;
				SWIFT_VERSION = 5.0;
				TARGETED_DEVICE_FAMILY = "1,2";
				TEST_TARGET_NAME = WeatherApp;
			};
			name = Debug;
		};
		7BFAB45D2962E4CE0003842F /* Release */ = {
			isa = XCBuildConfiguration;
			buildSettings = {
				ALWAYS_EMBED_SWIFT_STANDARD_LIBRARIES = YES;
				CODE_SIGN_STYLE = Automatic;
				CURRENT_PROJECT_VERSION = 1;
				GENERATE_INFOPLIST_FILE = YES;
				MARKETING_VERSION = 1.0;
				PRODUCT_BUNDLE_IDENTIFIER = com.thbs.training.WeatherAppUITests;
				PRODUCT_NAME = "$(TARGET_NAME)";
				SWIFT_EMIT_LOC_STRINGS = NO;
				SWIFT_VERSION = 5.0;
				TARGETED_DEVICE_FAMILY = "1,2";
				TEST_TARGET_NAME = WeatherApp;
			};
			name = Release;
		};
/* End XCBuildConfiguration section */

/* Begin XCConfigurationList section */
		7BFAB4262962E4CC0003842F /* Build configuration list for PBXProject "WeatherApp" */ = {
			isa = XCConfigurationList;
			buildConfigurations = (
				7BFAB4532962E4CE0003842F /* Debug */,
				7BFAB4542962E4CE0003842F /* Release */,
			);
			defaultConfigurationIsVisible = 0;
			defaultConfigurationName = Release;
		};
		7BFAB4552962E4CE0003842F /* Build configuration list for PBXNativeTarget "WeatherApp" */ = {
			isa = XCConfigurationList;
			buildConfigurations = (
				7BFAB4562962E4CE0003842F /* Debug */,
				7BFAB4572962E4CE0003842F /* Release */,
			);
			defaultConfigurationIsVisible = 0;
			defaultConfigurationName = Release;
		};
		7BFAB4582962E4CE0003842F /* Build configuration list for PBXNativeTarget "WeatherAppTests" */ = {
			isa = XCConfigurationList;
			buildConfigurations = (
				7BFAB4592962E4CE0003842F /* Debug */,
				7BFAB45A2962E4CE0003842F /* Release */,
			);
			defaultConfigurationIsVisible = 0;
			defaultConfigurationName = Release;
		};
		7BFAB45B2962E4CE0003842F /* Build configuration list for PBXNativeTarget "WeatherAppUITests" */ = {
			isa = XCConfigurationList;
			buildConfigurations = (
				7BFAB45C2962E4CE0003842F /* Debug */,
				7BFAB45D2962E4CE0003842F /* Release */,
			);
			defaultConfigurationIsVisible = 0;
			defaultConfigurationName = Release;
		};
/* End XCConfigurationList section */

/* Begin XCVersionGroup section */
		7B24B948296BD25200161A3B /* weatherAppDataModel.xcdatamodeld */ = {
			isa = XCVersionGroup;
			children = (
				7B24B949296BD25200161A3B /* weatherAppDataModel.xcdatamodel */,
			);
			currentVersion = 7B24B949296BD25200161A3B /* weatherAppDataModel.xcdatamodel */;
			path = weatherAppDataModel.xcdatamodeld;
			sourceTree = "<group>";
			versionGroupType = wrapper.xcdatamodel;
		};
/* End XCVersionGroup section */
	};
	rootObject = 7BFAB4232962E4CC0003842F /* Project object */;
}
